
Microsoft Visual Studio Solution File, Format Version 12.00
# Visual Studio Version 17
VisualStudioVersion = 17.1.32228.430
MinimumVisualStudioVersion = 10.0.40219.1
Project("{9A19103F-16F7-4668-BE54-9A1E7A4F7556}") = "Domain", "Domain\Domain.csproj", "{22B5D67E-83E5-4995-8D06-C5E4CAB8F2A7}"
EndProject
Project("{9A19103F-16F7-4668-BE54-9A1E7A4F7556}") = "Application", "Application\Application.csproj", "{EFCAEA0D-379A-455E-B8B2-798ADB6D92A6}"
EndProject
Project("{9A19103F-16F7-4668-BE54-9A1E7A4F7556}") = "Persistence", "Persistence\Persistence.csproj", "{2BD110DA-E1C7-49C7-8A3C-C02BBD638F77}"
EndProject
Project("{9A19103F-16F7-4668-BE54-9A1E7A4F7556}") = "API", "API\API.csproj", "{286BA041-8A50-4FEB-9C33-B4B5614C37C2}"
EndProject
Global
	GlobalSection(SolutionConfigurationPlatforms) = preSolution
		Debug|Any CPU = Debug|Any CPU
		Debug|x64 = Debug|x64
		Release|Any CPU = Release|Any CPU
		Release|x64 = Release|x64
	EndGlobalSection
	GlobalSection(ProjectConfigurationPlatforms) = postSolution
		{22B5D67E-83E5-4995-8D06-C5E4CAB8F2A7}.Debug|Any CPU.ActiveCfg = Debug|Any CPU
		{22B5D67E-83E5-4995-8D06-C5E4CAB8F2A7}.Debug|Any CPU.Build.0 = Debug|Any CPU
		{22B5D67E-83E5-4995-8D06-C5E4CAB8F2A7}.Debug|x64.ActiveCfg = Debug|Any CPU
		{22B5D67E-83E5-4995-8D06-C5E4CAB8F2A7}.Debug|x64.Build.0 = Debug|Any CPU
		{22B5D67E-83E5-4995-8D06-C5E4CAB8F2A7}.Release|Any CPU.ActiveCfg = Release|Any CPU
		{22B5D67E-83E5-4995-8D06-C5E4CAB8F2A7}.Release|Any CPU.Build.0 = Release|Any CPU
		{22B5D67E-83E5-4995-8D06-C5E4CAB8F2A7}.Release|x64.ActiveCfg = Release|Any CPU
		{22B5D67E-83E5-4995-8D06-C5E4CAB8F2A7}.Release|x64.Build.0 = Release|Any CPU
		{EFCAEA0D-379A-455E-B8B2-798ADB6D92A6}.Debug|Any CPU.ActiveCfg = Debug|Any CPU
		{EFCAEA0D-379A-455E-B8B2-798ADB6D92A6}.Debug|Any CPU.Build.0 = Debug|Any CPU
		{EFCAEA0D-379A-455E-B8B2-798ADB6D92A6}.Debug|x64.ActiveCfg = Debug|Any CPU
		{EFCAEA0D-379A-455E-B8B2-798ADB6D92A6}.Debug|x64.Build.0 = Debug|Any CPU
		{EFCAEA0D-379A-455E-B8B2-798ADB6D92A6}.Release|Any CPU.ActiveCfg = Release|Any CPU
		{EFCAEA0D-379A-455E-B8B2-798ADB6D92A6}.Release|Any CPU.Build.0 = Release|Any CPU
		{EFCAEA0D-379A-455E-B8B2-798ADB6D92A6}.Release|x64.ActiveCfg = Release|Any CPU
		{EFCAEA0D-379A-455E-B8B2-798ADB6D92A6}.Release|x64.Build.0 = Release|Any CPU
		{2BD110DA-E1C7-49C7-8A3C-C02BBD638F77}.Debug|Any CPU.ActiveCfg = Debug|Any CPU
		{2BD110DA-E1C7-49C7-8A3C-C02BBD638F77}.Debug|Any CPU.Build.0 = Debug|Any CPU
		{2BD110DA-E1C7-49C7-8A3C-C02BBD638F77}.Debug|x64.ActiveCfg = Debug|Any CPU
		{2BD110DA-E1C7-49C7-8A3C-C02BBD638F77}.Debug|x64.Build.0 = Debug|Any CPU
		{2BD110DA-E1C7-49C7-8A3C-C02BBD638F77}.Release|Any CPU.ActiveCfg = Release|Any CPU
		{2BD110DA-E1C7-49C7-8A3C-C02BBD638F77}.Release|Any CPU.Build.0 = Release|Any CPU
		{2BD110DA-E1C7-49C7-8A3C-C02BBD638F77}.Release|x64.ActiveCfg = Release|Any CPU
		{2BD110DA-E1C7-49C7-8A3C-C02BBD638F77}.Release|x64.Build.0 = Release|Any CPU
		{286BA041-8A50-4FEB-9C33-B4B5614C37C2}.Debug|Any CPU.ActiveCfg = Debug|Any CPU
		{286BA041-8A50-4FEB-9C33-B4B5614C37C2}.Debug|Any CPU.Build.0 = Debug|Any CPU
		{286BA041-8A50-4FEB-9C33-B4B5614C37C2}.Debug|x64.ActiveCfg = Debug|Any CPU
		{286BA041-8A50-4FEB-9C33-B4B5614C37C2}.Debug|x64.Build.0 = Debug|Any CPU
		{286BA041-8A50-4FEB-9C33-B4B5614C37C2}.Release|Any CPU.ActiveCfg = Release|Any CPU
		{286BA041-8A50-4FEB-9C33-B4B5614C37C2}.Release|Any CPU.Build.0 = Release|Any CPU
		{286BA041-8A50-4FEB-9C33-B4B5614C37C2}.Release|x64.ActiveCfg = Release|Any CPU
		{286BA041-8A50-4FEB-9C33-B4B5614C37C2}.Release|x64.Build.0 = Release|Any CPU
	EndGlobalSection
	GlobalSection(SolutionProperties) = preSolution
		HideSolutionNode = FALSE
	EndGlobalSection
	GlobalSection(ExtensibilityGlobals) = postSolution
		SolutionGuid = {B92324C2-40F3-408E-8E97-FCC448B66C38}
	EndGlobalSection
EndGlobal
